{
  "name": "dsh-plugin-tool-management",
  "version": "0.15.0",
  "lockfileVersion": 3,
  "requires": true,
  "packages": {
    "": {
      "name": "dsh-plugin-tool-management",
      "version": "0.15.0",
      "license": "MIT",
      "dependencies": {
        "fflate": "^0.8.3",
        "js-yaml": "^4.3.2"
      },
      "devDependencies": {
        "@deepseek-ai/cordis": "^4.0.1",
        "@deepseek-ai/dsh-agent-preset-registry": "^0.1.5-rc.2 || ^0.1.7-rc.2",
        "@deepseek-ai/dsh-llm": "^0.1.5-rc.2 || ^0.1.7-rc.2",
        "@deepseek-ai/dsh-session": "^0.1.5-rc.2 || ^0.1.7-rc.2",
        "@deepseek-ai/dsh-session-projection-cache": "^0.1.5-rc.2 || ^0.1.7-rc.2",
        "@deepseek-ai/dsh-settings": "^0.1.5-rc.2 || ^0.1.7-rc.2",
        "@deepseek-ai/dsh-spill-local": "^0.1.5-rc.2 || ^0.1.7-rc.2",
        "@deepseek-ai/dsh-storage-domain": "^0.1.5-rc.2 || ^0.1.7-rc.2",
        "@deepseek-ai/dsh-subagent-fork-in-process": "^0.1.5-rc.2 || ^0.1.7-rc.2",
        "@deepseek-ai/dsh-subagent-spawn-in-process": "^0.1.5-rc.2 || ^0.1.7-rc.2",
        "@deepseek-ai/dsh-tools": "^0.1.5-rc.2 || ^0.1.7-rc.2",
        "@deepseek-ai/dsh-workspace": "^0.1.5-rc.2 || ^0.1.7-rc.2",
        "@types/js-yaml": "^4.0.9",
        "@types/node": "^24.0.0",
        "typescript": "^6.0.0"
      },
      "engines": {
        "node": ">=18"
      },
      "peerDependencies": {
        "@deepseek-ai/cordis": "^4.0.2",
        "@deepseek-ai/dsh-agent-preset-registry": "^0.1.5-rc.2 || ^0.1.7-rc.2",
        "@deepseek-ai/dsh-llm": "^0.1.5-rc.2 || ^0.1.7-rc.2",
        "@deepseek-ai/dsh-session": "^0.1.5-rc.2 || ^0.1.7-rc.2",
        "@deepseek-ai/dsh-session-projection-cache": "^0.1.5-rc.2 || ^0.1.7-rc.2",
        "@deepseek-ai/dsh-settings": "^0.1.5-rc.2 || ^0.1.7-rc.2",
        "@deepseek-ai/dsh-spill-local": "^0.1.5-rc.2 || ^0.1.7-rc.2",
        "@deepseek-ai/dsh-storage-domain": "^0.1.5-rc.2 || ^0.1.7-rc.2",
        "@deepseek-ai/dsh-subagent-fork-in-process": "^0.1.5-rc.2 || ^0.1.7-rc.2",
        "@deepseek-ai/dsh-subagent-spawn-in-process": "^0.1.5-rc.2 || ^0.1.7-rc.2",
        "@deepseek-ai/dsh-tools": "^0.1.5-rc.2 || ^0.1.7-rc.2",
        "@deepseek-ai/dsh-workspace": "^0.1.5-rc.2 || ^0.1.7-rc.2",
        "react": "^18.2.0"
      },
      "peerDependenciesMeta": {
        "@deepseek-ai/dsh-subagent-fork-in-process": {
          "optional": true
        },
        "@deepseek-ai/dsh-subagent-spawn-in-process": {
          "optional": true
        }
      }
    },
    "node_modules/@deepseek-ai/cordis": {
      "version": "4.0.4",
      "resolved": "https://registry.npmjs.org/@deepseek-ai/cordis/-/cordis-4.0.4.tgz",
      "integrity": "sha512-obgyxqWAmFn3Re8kvsuUnyW+ihrz6eJCnJO4fh1cQzDtmPYz/zzVeUkH9R94I0OwSVOocK67Kgakm04j/oQXzg==",
      "dev": true,
      "license": "MIT",
      "dependencies": {
        "@deepseek-ai/cosmokit": "~1.8.5",
        "@standard-schema/spec": "^1.1.0"
      },
      "bin": {
        "cordis": "bin.js"
      },
      "peerDependencies": {
        "@deepseek-ai/cordis-plugin-include": "~1.0.9",
        "@deepseek-ai/cordis-plugin-loader": "~1.0.5"
      },
      "peerDependenciesMeta": {
        "@deepseek-ai/cordis-plugin-include": {
          "optional": true
        },
        "@deepseek-ai/cordis-plugin-loader": {
          "optional": true
        }
      }
    },
    "node_modules/@deepseek-ai/cordis-plugin-group": {
      "version": "1.0.4",
      "resolved": "https://registry.npmjs.org/@deepseek-ai/cordis-plugin-group/-/cordis-plugin-group-1.0.4.tgz",
      "integrity": "sha512-/7tuY5pMQetHava4v6QUeOa4CwZA+mleNvbIoj+iqEmzkYUtlXbLqhzJIcbnDa/Hxgr1jaCwROrI77nuLyeCFg==",
      "dev": true,
      "license": "MIT",
      "peer": true,
      "peerDependencies": {
        "@deepseek-ai/cordis": "~4.0.4",
        "@deepseek-ai/cordis-plugin-loader": "~1.0.5"
      }
    },
    "node_modules/@deepseek-ai/cordis-plugin-include": {
      "version": "1.0.9",
      "resolved": "https://registry.npmjs.org/@deepseek-ai/cordis-plugin-include/-/cordis-plugin-include-1.0.9.tgz",
      "integrity": "sha512-Xmekm7u5Kpeym6nABL4T1/Mg6aQYFZxsipB0WycmCctvX1DqAv8nCFwRmg2XMx/f7EbZgNEbXQwJfabcMu8zxQ==",
      "dev": true,
      "license": "MIT",
      "peer": true,
      "dependencies": {
        "@deepseek-ai/cosmokit": "~1.8.5",
        "js-yaml": "^4.1.0"
      },
      "peerDependencies": {
        "@deepseek-ai/cordis": "~4.0.4",
        "@deepseek-ai/cordis-plugin-loader": "~1.0.5"
      }
    },
    "node_modules/@deepseek-ai/cordis-plugin-loader": {
      "version": "1.0.5",
      "resolved": "https://registry.npmjs.org/@deepseek-ai/cordis-plugin-loader/-/cordis-plugin-loader-1.0.5.tgz",
      "integrity": "sha512-200huL2ttWcjyeYllvPYn+qMR7I89qy8MhZasbHltPzB/KMrSfsyoCYKdCGc5KqPGj5iJugcmibQzjINMO9I+Q==",
      "dev": true,
      "license": "MIT",
      "dependencies": {
        "@deepseek-ai/cosmokit": "~1.8.5",
        "@deepseek-ai/schemastery": "~3.18.4"
      },
      "peerDependencies": {
        "@deepseek-ai/cordis": "~4.0.4",
        "node-addon-require-builtin": "^0.1.6"
      },
      "peerDependenciesMeta": {
        "node-addon-require-builtin": {
          "optional": true
        }
      }
    },
    "node_modules/@deepseek-ai/cosmokit": {
      "version": "1.8.5",
      "resolved": "https://registry.npmjs.org/@deepseek-ai/cosmokit/-/cosmokit-1.8.5.tgz",
      "integrity": "sha512-LXsrlem9z8dq4sLflj2yuCuYX7KqhdzF5hZly3eZyuTo8d6oDSOXuEgC5DbQWKW+lksm6zmOutQLsP/ma6wR6A==",
      "dev": true,
      "license": "MIT"
    },
    "node_modules/@deepseek-ai/dsh-agent": {
      "version": "0.1.7-rc.2",
      "resolved": "https://registry.npmjs.org/@deepseek-ai/dsh-agent/-/dsh-agent-0.1.7-rc.2.tgz",
      "integrity": "sha512-9U/zHZvZqRR5S2FD9fjjAuoMh+WfDan+bE/cLBLSLpqftjZ0FhIlEBK99yonUkNkGemyHiH/lL3jCKYw35ahJA==",
      "dev": true,
      "license": "MIT",
      "peer": true,
      "peerDependencies": {
        "@deepseek-ai/cordis": "~4.0.4",
        "@deepseek-ai/dsh-invariants": "0.1.7-rc.2",
        "@deepseek-ai/dsh-llm": "0.1.7-rc.2",
        "@deepseek-ai/dsh-scope": "0.1.7-rc.2",
        "@deepseek-ai/dsh-session": "0.1.7-rc.2",
        "@deepseek-ai/dsh-session-projection": "0.1.7-rc.2",
        "@deepseek-ai/dsh-system-prompt": "0.1.7-rc.2",
        "@deepseek-ai/dsh-typert-protocol": "0.1.7-rc.2",
        "@deepseek-ai/dsh-util-values": "0.1.7-rc.2",
        "@deepseek-ai/dsh-workspace": "0.1.7-rc.2"
      },
      "peerDependenciesMeta": {
        "@deepseek-ai/dsh-workspace": {
          "optional": true
        }
      }
    },
    "node_modules/@deepseek-ai/dsh-agent-preset-registry": {
      "version": "0.1.7-rc.2",
      "resolved": "https://registry.npmjs.org/@deepseek-ai/dsh-agent-preset-registry/-/dsh-agent-preset-registry-0.1.7-rc.2.tgz",
      "integrity": "sha512-qpB4H6uWuPx/Jqm2sLbNJPrWOtVhk3FLK+5PdqLBHqEDfCmpBZCBm6lUdSWsmnKmPnHiBeHSVZO9AZl9qJJlHQ==",
      "dev": true,
      "license": "MIT",
      "dependencies": {
        "@deepseek-ai/dsh-app-boot": "0.1.7-rc.2",
        "@deepseek-ai/schemastery": "~3.18.4",
        "js-yaml": "^4.2.0",
        "zod": "^4.4.3"
      },
      "peerDependencies": {
        "@deepseek-ai/cordis": "~4.0.4",
        "@deepseek-ai/cordis-plugin-include": "~1.0.9",
        "@deepseek-ai/cordis-plugin-loader": "~1.0.5",
        "@deepseek-ai/dsh-agent": "0.1.7-rc.2",
        "@deepseek-ai/dsh-invariants": "0.1.7-rc.2",
        "@deepseek-ai/dsh-scope": "0.1.7-rc.2",
        "@deepseek-ai/dsh-session": "0.1.7-rc.2",
        "@deepseek-ai/dsh-session-projection": "0.1.7-rc.2",
        "@deepseek-ai/dsh-settings": "0.1.7-rc.2",
        "@deepseek-ai/dsh-system-prompt": "0.1.7-rc.2",
        "@deepseek-ai/dsh-tools": "0.1.7-rc.2",
        "@deepseek-ai/dsh-typert-protocol": "0.1.7-rc.2"
      }
    },
    "node_modules/@deepseek-ai/dsh-app-boot": {
      "version": "0.1.7-rc.2",
      "resolved": "https://registry.npmjs.org/@deepseek-ai/dsh-app-boot/-/dsh-app-boot-0.1.7-rc.2.tgz",
      "integrity": "sha512-d0QWMMXxT6kICO9QRrXTqJRKP6bWNes7SVGJK6OOEzX6Ua9mzCx1KghPIf7tjW/ZmX0b8n1FoySr4IHElBkrOg==",
      "dev": true,
      "license": "MIT",
      "dependencies": {
        "@deepseek-ai/dsh-atomic-write": "0.1.7-rc.2",
        "@deepseek-ai/dsh-package-manifest": "0.1.7-rc.2",
        "@eslint-community/regexpp": "^4.12.2",
        "ajv": "^8.20.0",
        "js-yaml": "^4.2.0",
        "node-addon-require-builtin": "^0.1.6",
        "resolve.exports": "^2.0.3",
        "semver": "^7.8.5"
      },
      "peerDependencies": {
        "@deepseek-ai/cordis": "~4.0.4",
        "@deepseek-ai/cordis-plugin-group": "~1.0.4",
        "@deepseek-ai/cordis-plugin-include": "~1.0.9",
        "@deepseek-ai/cordis-plugin-loader": "~1.0.5",
        "@deepseek-ai/dsh-home-paths": "0.1.7-rc.2",
        "@deepseek-ai/dsh-launch-environment": "0.1.7-rc.2",
        "@deepseek-ai/dsh-system-prompt": "0.1.7-rc.2"
      }
    },
    "node_modules/@deepseek-ai/dsh-atomic-write": {
      "version": "0.1.7-rc.2",
      "resolved": "https://registry.npmjs.org/@deepseek-ai/dsh-atomic-write/-/dsh-atomic-write-0.1.7-rc.2.tgz",
      "integrity": "sha512-gdUVkVv5DXBgnEDB1Dh/lL+HV/8mKR3AGUqNjLhQJSEqE9MIYyiHC+3zwzaWjeWhiTdLXd5rkA4HVCiS3KIcUg==",
      "dev": true,
      "license": "MIT",
      "peerDependencies": {
        "@deepseek-ai/cordis": "~4.0.4"
      }
    },
    "node_modules/@deepseek-ai/dsh-attachment": {
      "version": "0.1.7-rc.2",
      "resolved": "https://registry.npmjs.org/@deepseek-ai/dsh-attachment/-/dsh-attachment-0.1.7-rc.2.tgz",
      "integrity": "sha512-g2SQ12Ki1l28T/H+fZKtSWDFF5Y1gavcKVBb2X4eOVX5uT5Jwumx+9Svelp1pHaknuAE1N2Yt9tMwj2quMkhDg==",
      "dev": true,
      "license": "MIT",
      "peer": true,
      "peerDependencies": {
        "@deepseek-ai/cordis": "~4.0.4",
        "@deepseek-ai/dsh-brand": "0.1.7-rc.2"
      }
    },
    "node_modules/@deepseek-ai/dsh-brand": {
      "version": "0.1.7-rc.2",
      "resolved": "https://registry.npmjs.org/@deepseek-ai/dsh-brand/-/dsh-brand-0.1.7-rc.2.tgz",
      "integrity": "sha512-cvcvlNRuiFqZNNqyxdu7wcpiBjd9xa/0MpuhRvee43zBp9uED2p5JolZr5/2EKJf57gYx9k9bedb+Zbyiqnpkw==",
      "dev": true,
      "license": "MIT",
      "peerDependencies": {
        "@deepseek-ai/cordis": "~4.0.4"
      }
    },
    "node_modules/@deepseek-ai/dsh-chunked-list": {
      "version": "0.1.7-rc.2",
      "resolved": "https://registry.npmjs.org/@deepseek-ai/dsh-chunked-list/-/dsh-chunked-list-0.1.7-rc.2.tgz",
      "integrity": "sha512-fMpkkFPG9I9/wlQygbyPAdGKMK/RnD1p7/czm2hbzyAZtr/kDz+RThOWtlV1VDZ23NWkps98qTwlhM3NJ3LkXg==",
      "dev": true,
      "license": "MIT",
      "peer": true,
      "dependencies": {
        "zod": "^4.4.3"
      },
      "peerDependencies": {
        "@deepseek-ai/cordis": "~4.0.4"
      }
    },
    "node_modules/@deepseek-ai/dsh-config-editor": {
      "version": "0.1.7-rc.2",
      "resolved": "https://registry.npmjs.org/@deepseek-ai/dsh-config-editor/-/dsh-config-editor-0.1.7-rc.2.tgz",
      "integrity": "sha512-UgNqOUqI9ZNABnb7TvoJ9d6EbaScVymL54YV/s8rU06cl4bTKuz/ahA8uLclyutCoRANkwh/eMiA+othLyhooA==",
      "dev": true,
      "license": "MIT",
      "dependencies": {
        "@deepseek-ai/dsh-atomic-write": "0.1.7-rc.2",
        "js-yaml": "^4.1.0",
        "yaml": "^2.8.1"
      },
      "peerDependencies": {
        "@deepseek-ai/cordis": "~4.0.4",
        "@deepseek-ai/cordis-plugin-include": "~1.0.9",
        "@deepseek-ai/cordis-plugin-loader": "~1.0.5",
        "@deepseek-ai/dsh-app-boot": "0.1.7-rc.2",
        "@deepseek-ai/dsh-hmr": "0.1.7-rc.2"
      },
      "peerDependenciesMeta": {
        "@deepseek-ai/dsh-hmr": {
          "optional": true
        }
      }
    },
    "node_modules/@deepseek-ai/dsh-home-paths": {
      "version": "0.1.7-rc.2",
      "resolved": "https://registry.npmjs.org/@deepseek-ai/dsh-home-paths/-/dsh-home-paths-0.1.7-rc.2.tgz",
      "integrity": "sha512-LafnefS9IttUziet9cQfCNfyBVce+aCPBGFrZGxsQJZYZXvkDQH94QHzDIxOIJfwwHuKC36fP5riD+Eajpx5jw==",
      "dev": true,
      "license": "MIT",
      "peer": true,
      "peerDependencies": {
        "@deepseek-ai/cordis": "~4.0.4"
      }
    },
    "node_modules/@deepseek-ai/dsh-invariants": {
      "version": "0.1.7-rc.2",
      "resolved": "https://registry.npmjs.org/@deepseek-ai/dsh-invariants/-/dsh-invariants-0.1.7-rc.2.tgz",
      "integrity": "sha512-GY2lY2TUUH2Qk1ZnrB3Q5+lXSh4webn1kbt5nQfhojVmNbist/f3dJC8JJa7XXOUNvqAgqRN9IZ4egbDZ9LLxQ==",
      "dev": true,
      "license": "MIT",
      "peer": true,
      "dependencies": {
        "@deepseek-ai/schemastery": "~3.18.4"
      },
      "peerDependencies": {
        "@deepseek-ai/cordis": "~4.0.4"
      }
    },
    "node_modules/@deepseek-ai/dsh-launch-environment": {
      "version": "0.1.7-rc.2",
      "resolved": "https://registry.npmjs.org/@deepseek-ai/dsh-launch-environment/-/dsh-launch-environment-0.1.7-rc.2.tgz",
      "integrity": "sha512-i8U15ebCS4tWtL2mnuhfl0h5XXBagtbiGO63/OMeHpfWb5sHUvTYBNWTDxmlMjLDkTNQgPsXmRl0UrbWKCSJwg==",
      "dev": true,
      "license": "MIT",
      "peer": true,
      "peerDependencies": {
        "@deepseek-ai/cordis": "~4.0.4"
      }
    },
    "node_modules/@deepseek-ai/dsh-llm": {
      "version": "0.1.7-rc.2",
      "resolved": "https://registry.npmjs.org/@deepseek-ai/dsh-llm/-/dsh-llm-0.1.7-rc.2.tgz",
      "integrity": "sha512-hNT3ovFnbNDQ8g544bh2Q9ORX40aI6Y+jhjer1lETeHS4g0jTjqUUVfARCTA7uAFvHucSBg2rFgbisIktmJCxw==",
      "dev": true,
      "license": "MIT",
      "dependencies": {
        "@deepseek-ai/dsh-brand": "0.1.7-rc.2",
        "@deepseek-ai/dsh-timeout": "0.1.7-rc.2",
        "@deepseek-ai/dsh-typert-protocol": "0.1.7-rc.2",
        "@deepseek-ai/dsh-util-crypto": "0.1.7-rc.2",
        "@deepseek-ai/dsh-util-values": "0.1.7-rc.2",
        "@deepseek-ai/schemastery": "~3.18.4",
        "zod": "^4.4.3"
      },
      "peerDependencies": {
        "@deepseek-ai/cordis": "~4.0.4"
      }
    },
    "node_modules/@deepseek-ai/dsh-package-manifest": {
      "version": "0.1.7-rc.2",
      "resolved": "https://registry.npmjs.org/@deepseek-ai/dsh-package-manifest/-/dsh-package-manifest-0.1.7-rc.2.tgz",
      "integrity": "sha512-oS6OD0emk+HD25B8FomvuAkqCg0aEooQEs/Tk7sZj9ww0uMXwYtU69Wnh4rFBQzp8pkZBYv9HeIzw67iBwDH0w==",
      "dev": true,
      "license": "MIT",
      "peerDependencies": {
        "@deepseek-ai/cordis": "~4.0.4"
      }
    },
    "node_modules/@deepseek-ai/dsh-ptc-runtime": {
      "version": "0.1.7-rc.2",
      "resolved": "https://registry.npmjs.org/@deepseek-ai/dsh-ptc-runtime/-/dsh-ptc-runtime-0.1.7-rc.2.tgz",
      "integrity": "sha512-zRFwSSUgTpKuFQTVwnuNO4067Gyi//4C4RRLaUntXaHkZv3z1S07f1fTaYwX4+ubIIAuAVeEsczxf6tPgZ8P5g==",
      "dev": true,
      "license": "MIT",
      "peer": true,
      "peerDependencies": {
        "@deepseek-ai/cordis": "~4.0.4",
        "@deepseek-ai/dsh-sandbox": "0.1.7-rc.2"
      }
    },
    "node_modules/@deepseek-ai/dsh-sandbox": {
      "version": "0.1.7-rc.2",
      "resolved": "https://registry.npmjs.org/@deepseek-ai/dsh-sandbox/-/dsh-sandbox-0.1.7-rc.2.tgz",
      "integrity": "sha512-7aP893mtTvnuZfCKD6hUN5gYchi6Wogn4W3mg/rGMvogmhbWgrCs00boJx/eHK4KvVJmEW1e8kO5N+GtsesptA==",
      "dev": true,
      "license": "MIT",
      "peer": true,
      "dependencies": {
        "@deepseek-ai/dsh-util-values": "0.1.7-rc.2"
      },
      "peerDependencies": {
        "@deepseek-ai/cordis": "~4.0.4",
        "@deepseek-ai/dsh-llm": "0.1.7-rc.2",
        "@deepseek-ai/dsh-session": "0.1.7-rc.2"
      }
    },
    "node_modules/@deepseek-ai/dsh-sandbox-policy": {
      "version": "0.1.7-rc.2",
      "resolved": "https://registry.npmjs.org/@deepseek-ai/dsh-sandbox-policy/-/dsh-sandbox-policy-0.1.7-rc.2.tgz",
      "integrity": "sha512-pIhCaOEqYjNoKy/c7dYYgYzK+zp8/FxnEeaBA5e6fTmNROb+/qSFsC4hY3Qu+PVU9IdbH/4fa6TbT2jnqoDPQw==",
      "dev": true,
      "license": "MIT",
      "peer": true,
      "dependencies": {
        "@deepseek-ai/schemastery": "~3.18.4",
        "zod": "^4.4.3"
      },
      "peerDependencies": {
        "@deepseek-ai/cordis": "~4.0.4",
        "@deepseek-ai/dsh-agent": "0.1.7-rc.2",
        "@deepseek-ai/dsh-invariants": "0.1.7-rc.2",
        "@deepseek-ai/dsh-sandbox": "0.1.7-rc.2",
        "@deepseek-ai/dsh-session": "0.1.7-rc.2",
        "@deepseek-ai/dsh-session-projection": "0.1.7-rc.2",
        "@deepseek-ai/dsh-system-prompt": "0.1.7-rc.2"
      }
    },
    "node_modules/@deepseek-ai/dsh-scope": {
      "version": "0.1.7-rc.2",
      "resolved": "https://registry.npmjs.org/@deepseek-ai/dsh-scope/-/dsh-scope-0.1.7-rc.2.tgz",
      "integrity": "sha512-rk/OM5ej6/V8pCNczEqQ3BkKx3DuPeFGzNUsEZo8hF+tnkF/EhsxMWSXC/yP/uLKeNkSsVHzjFpaQR0qr0J3gQ==",
      "dev": true,
      "license": "MIT",
      "peer": true,
      "peerDependencies": {
        "@deepseek-ai/cordis": "~4.0.4",
        "@deepseek-ai/dsh-invariants": "0.1.7-rc.2"
      }
    },
    "node_modules/@deepseek-ai/dsh-session": {
      "version": "0.1.7-rc.2",
      "resolved": "https://registry.npmjs.org/@deepseek-ai/dsh-session/-/dsh-session-0.1.7-rc.2.tgz",
      "integrity": "sha512-0dXv1t4Zox/yHkZ4PfPNSBWJfIc72PDqOvjz43EMoHpbmoKTVpit2UpUI+yTtX01e4MVBbDMxBZ95oJW/Oydnw==",
      "dev": true,
      "license": "MIT",
      "dependencies": {
        "@deepseek-ai/dsh-brand": "0.1.7-rc.2",
        "@deepseek-ai/dsh-llm": "0.1.7-rc.2",
        "@deepseek-ai/dsh-util-values": "0.1.7-rc.2"
      },
      "peerDependencies": {
        "@deepseek-ai/cordis": "~4.0.4",
        "@deepseek-ai/dsh-scope": "0.1.7-rc.2"
      }
    },
    "node_modules/@deepseek-ai/dsh-session-persistence": {
      "version": "0.1.7-rc.2",
      "resolved": "https://registry.npmjs.org/@deepseek-ai/dsh-session-persistence/-/dsh-session-persistence-0.1.7-rc.2.tgz",
      "integrity": "sha512-xZXMo8hYMnh96UyxpkmDqvfxpmVNWbTlXqSuJray7S2kW8AkugKDc+FMy2+/znoBHhZsi+2/uKJRPj6dwDBIsg==",
      "dev": true,
      "license": "MIT",
      "peer": true,
      "dependencies": {
        "@deepseek-ai/dsh-util-values": "0.1.7-rc.2"
      },
      "peerDependencies": {
        "@deepseek-ai/cordis": "~4.0.4",
        "@deepseek-ai/dsh-brand": "0.1.7-rc.2",
        "@deepseek-ai/dsh-session": "0.1.7-rc.2",
        "@deepseek-ai/dsh-timeout": "0.1.7-rc.2"
      }
    },
    "node_modules/@deepseek-ai/dsh-session-projection": {
      "version": "0.1.7-rc.2",
      "resolved": "https://registry.npmjs.org/@deepseek-ai/dsh-session-projection/-/dsh-session-projection-0.1.7-rc.2.tgz",
      "integrity": "sha512-s5T8oHBEh+GeOTJ+wehD4CGZkTiWgczZZA+NDbfbqUO0k5L+dk0kk3fN+/srAg77rhR7UeeDSR8ZNcpYx/VUdw==",
      "dev": true,
      "license": "MIT",
      "peer": true,
      "dependencies": {
        "zod": "^4.4.3"
      },
      "peerDependencies": {
        "@deepseek-ai/cordis": "~4.0.4",
        "@deepseek-ai/dsh-session": "0.1.7-rc.2"
      }
    },
    "node_modules/@deepseek-ai/dsh-session-projection-cache": {
      "version": "0.1.7-rc.2",
      "resolved": "https://registry.npmjs.org/@deepseek-ai/dsh-session-projection-cache/-/dsh-session-projection-cache-0.1.7-rc.2.tgz",
      "integrity": "sha512-7SRuNDAzOVMbKoXyK0GAA8xMYVRAHUCoYiR56+4hHUkU7YQ5JuRjQiHxG6dEtYqibp3AI8E+oXgOJhkpB5Gl8A==",
      "dev": true,
      "license": "MIT",
      "dependencies": {
        "@deepseek-ai/dsh-util-values": "0.1.7-rc.2",
        "@deepseek-ai/schemastery": "~3.18.4",
        "zod": "^4.4.3"
      },
      "peerDependencies": {
        "@deepseek-ai/cordis": "~4.0.4",
        "@deepseek-ai/dsh-session": "0.1.7-rc.2",
        "@deepseek-ai/dsh-session-projection": "0.1.7-rc.2",
        "@deepseek-ai/dsh-storage-domain": "0.1.7-rc.2"
      }
    },
    "node_modules/@deepseek-ai/dsh-settings": {
      "version": "0.1.7-rc.2",
      "resolved": "https://registry.npmjs.org/@deepseek-ai/dsh-settings/-/dsh-settings-0.1.7-rc.2.tgz",
      "integrity": "sha512-xS48//SMs3xp5qI+brj0T4BsJ1vgcv2LteZO6lW4X0YZVUOIe6H9aS2sRPh2OAWTFHrzPep4NwVkAOCD8NvBzQ==",
      "dev": true,
      "license": "MIT",
      "dependencies": {
        "@deepseek-ai/cordis-plugin-loader": "~1.0.5",
        "@deepseek-ai/cosmokit": "~1.8.5",
        "@deepseek-ai/dsh-config-editor": "0.1.7-rc.2",
        "@deepseek-ai/dsh-util-values": "0.1.7-rc.2",
        "yaml": "^2.8.1"
      },
      "peerDependencies": {
        "@deepseek-ai/cordis": "~4.0.4",
        "@deepseek-ai/dsh-brand": "0.1.7-rc.2",
        "@deepseek-ai/dsh-invariants": "0.1.7-rc.2",
        "@deepseek-ai/dsh-session": "0.1.7-rc.2",
        "@deepseek-ai/schemastery": "~3.18.4"
      }
    },
    "node_modules/@deepseek-ai/dsh-spill": {
      "version": "0.1.7-rc.2",
      "resolved": "https://registry.npmjs.org/@deepseek-ai/dsh-spill/-/dsh-spill-0.1.7-rc.2.tgz",
      "integrity": "sha512-OV3T73WDjz9x8Zc/Qwfjui1I/bVWO7UVWNK4FjujZABJi/61PMyUYmrWMBjF22VGS4V1f2foSJ0TVzd/1mq+gQ==",
      "dev": true,
      "license": "MIT",
      "peer": true,
      "peerDependencies": {
        "@deepseek-ai/cordis": "~4.0.4",
        "@deepseek-ai/dsh-brand": "0.1.7-rc.2",
        "@deepseek-ai/dsh-llm": "0.1.7-rc.2",
        "@deepseek-ai/dsh-session": "0.1.7-rc.2"
      }
    },
    "node_modules/@deepseek-ai/dsh-spill-local": {
      "version": "0.1.7-rc.2",
      "resolved": "https://registry.npmjs.org/@deepseek-ai/dsh-spill-local/-/dsh-spill-local-0.1.7-rc.2.tgz",
      "integrity": "sha512-ls6vTHb2GHUbi2Es2/sBdtS0A3k3Wrfyq2uVbMI5XNARoMnftezcIcxyGME+s/7cCtAof7Sy5LK6BnY2vOWuUQ==",
      "dev": true,
      "license": "MIT",
      "dependencies": {
        "@deepseek-ai/schemastery": "~3.18.4"
      },
      "peerDependencies": {
        "@deepseek-ai/cordis": "~4.0.4",
        "@deepseek-ai/dsh-spill": "0.1.7-rc.2"
      }
    },
    "node_modules/@deepseek-ai/dsh-storage": {
      "version": "0.1.7-rc.2",
      "resolved": "https://registry.npmjs.org/@deepseek-ai/dsh-storage/-/dsh-storage-0.1.7-rc.2.tgz",
      "integrity": "sha512-BZ5MZY44KCUoQEy8FJTpSOXfGGPQ3sJS3xrwxF9rARIqHwtsR5WR6rXY/JmsFNc3nI0djGmJ0bF81U0q7EbDLA==",
      "dev": true,
      "license": "MIT",
      "peer": true,
      "peerDependencies": {
        "@deepseek-ai/cordis": "~4.0.4"
      }
    },
    "node_modules/@deepseek-ai/dsh-storage-domain": {
      "version": "0.1.7-rc.2",
      "resolved": "https://registry.npmjs.org/@deepseek-ai/dsh-storage-domain/-/dsh-storage-domain-0.1.7-rc.2.tgz",
      "integrity": "sha512-Ch+k8iYvxMtmxxcVFZQ75griJMdj7RX49mbgRXLbr0s5IvCY2RYPNVDLyB1e/2wXysT1rP08FsH8nH7PoVABRg==",
      "dev": true,
      "license": "MIT",
      "dependencies": {
        "@deepseek-ai/schemastery": "~3.18.4",
        "zod": "^4.4.3"
      },
      "peerDependencies": {
        "@deepseek-ai/cordis": "~4.0.4",
        "@deepseek-ai/dsh-invariants": "0.1.7-rc.2",
        "@deepseek-ai/dsh-storage": "0.1.7-rc.2"
      }
    },
    "node_modules/@deepseek-ai/dsh-subagent": {
      "version": "0.1.7-rc.2",
      "resolved": "https://registry.npmjs.org/@deepseek-ai/dsh-subagent/-/dsh-subagent-0.1.7-rc.2.tgz",
      "integrity": "sha512-wIl53frMLSQI+QXfKTHBdyKT/hslFH9LT0DUDeiNyShGkiewYG1wSY1rnmv+p57Q+zS/SfDYjt0s0MGK1tUL0Q==",
      "dev": true,
      "license": "MIT",
      "peer": true,
      "dependencies": {
        "@deepseek-ai/dsh-brand": "0.1.7-rc.2",
        "@deepseek-ai/dsh-chunked-list": "0.1.7-rc.2",
        "@deepseek-ai/dsh-util-values": "0.1.7-rc.2",
        "@deepseek-ai/schemastery": "~3.18.4",
        "zod": "^4.4.3"
      },
      "peerDependencies": {
        "@deepseek-ai/cordis": "~4.0.4",
        "@deepseek-ai/dsh-agent": "0.1.7-rc.2",
        "@deepseek-ai/dsh-agent-preset-registry": "0.1.7-rc.2",
        "@deepseek-ai/dsh-attachment": "0.1.7-rc.2",
        "@deepseek-ai/dsh-invariants": "0.1.7-rc.2",
        "@deepseek-ai/dsh-jobs": "0.1.7-rc.2",
        "@deepseek-ai/dsh-llm": "0.1.7-rc.2",
        "@deepseek-ai/dsh-permission-presets": "0.1.7-rc.2",
        "@deepseek-ai/dsh-sandbox": "0.1.7-rc.2",
        "@deepseek-ai/dsh-sandbox-policy": "0.1.7-rc.2",
        "@deepseek-ai/dsh-scope": "0.1.7-rc.2",
        "@deepseek-ai/dsh-session": "0.1.7-rc.2",
        "@deepseek-ai/dsh-session-persistence": "0.1.7-rc.2",
        "@deepseek-ai/dsh-session-projection": "0.1.7-rc.2",
        "@deepseek-ai/dsh-session-query": "0.1.7-rc.2",
        "@deepseek-ai/dsh-system-prompt": "0.1.7-rc.2",
        "@deepseek-ai/dsh-tools": "0.1.7-rc.2",
        "@deepseek-ai/dsh-typert-protocol": "0.1.7-rc.2",
        "@deepseek-ai/dsh-user-approval": "0.1.7-rc.2",
        "@deepseek-ai/dsh-util-time": "0.1.7-rc.2",
        "@deepseek-ai/dsh-workspace": "0.1.7-rc.2"
      },
      "peerDependenciesMeta": {
        "@deepseek-ai/dsh-agent-preset-registry": {
          "optional": true
        },
        "@deepseek-ai/dsh-jobs": {
          "optional": true
        },
        "@deepseek-ai/dsh-permission-presets": {
          "optional": true
        },
        "@deepseek-ai/dsh-sandbox": {
          "optional": true
        },
        "@deepseek-ai/dsh-sandbox-policy": {
          "optional": true
        },
        "@deepseek-ai/dsh-session-persistence": {
          "optional": true
        },
        "@deepseek-ai/dsh-session-projection": {
          "optional": true
        },
        "@deepseek-ai/dsh-session-query": {
          "optional": true
        },
        "@deepseek-ai/dsh-settings": {
          "optional": true
        },
        "@deepseek-ai/dsh-user-approval": {
          "optional": true
        },
        "@deepseek-ai/dsh-workspace": {
          "optional": true
        }
      }
    },
    "node_modules/@deepseek-ai/dsh-subagent-fork-in-process": {
      "version": "0.1.7-rc.2",
      "resolved": "https://registry.npmjs.org/@deepseek-ai/dsh-subagent-fork-in-process/-/dsh-subagent-fork-in-process-0.1.7-rc.2.tgz",
      "integrity": "sha512-tGJ06AG1JXXTLQBdskJRaggA/gg601+lr52kxvuT1sx/L404hRdw18OdPOebDh9wrj8gt2zxeVEkHA0QY6Hkhg==",
      "dev": true,
      "license": "MIT",
      "dependencies": {
        "@deepseek-ai/schemastery": "~3.18.4"
      },
      "peerDependencies": {
        "@deepseek-ai/cordis": "~4.0.4",
        "@deepseek-ai/dsh-agent": "0.1.7-rc.2",
        "@deepseek-ai/dsh-session": "0.1.7-rc.2",
        "@deepseek-ai/dsh-subagent": "0.1.7-rc.2",
        "@deepseek-ai/dsh-subagent-in-process-driver": "0.1.7-rc.2"
      }
    },
    "node_modules/@deepseek-ai/dsh-subagent-in-process-driver": {
      "version": "0.1.7-rc.2",
      "resolved": "https://registry.npmjs.org/@deepseek-ai/dsh-subagent-in-process-driver/-/dsh-subagent-in-process-driver-0.1.7-rc.2.tgz",
      "integrity": "sha512-4NroGWZydU4INXIyPGFKL4Zy1XfMphGDqAJyz/bVTNdrMi6M/8XdRASzTKvsud8TP6IMklAGxcEyEw0pD+AKmg==",
      "dev": true,
      "license": "MIT",
      "peer": true,
      "dependencies": {
        "@deepseek-ai/dsh-brand": "0.1.7-rc.2"
      },
      "peerDependencies": {
        "@deepseek-ai/cordis": "~4.0.4",
        "@deepseek-ai/dsh-agent": "0.1.7-rc.2",
        "@deepseek-ai/dsh-llm": "0.1.7-rc.2",
        "@deepseek-ai/dsh-session": "0.1.7-rc.2",
        "@deepseek-ai/dsh-subagent": "0.1.7-rc.2",
        "@deepseek-ai/dsh-system-prompt": "0.1.7-rc.2",
        "@deepseek-ai/dsh-tools": "0.1.7-rc.2"
      }
    },
    "node_modules/@deepseek-ai/dsh-subagent-spawn-in-process": {
      "version": "0.1.7-rc.2",
      "resolved": "https://registry.npmjs.org/@deepseek-ai/dsh-subagent-spawn-in-process/-/dsh-subagent-spawn-in-process-0.1.7-rc.2.tgz",
      "integrity": "sha512-xEWjgl/wMalKHGlckmTZ8B0UuwPUGAUathXaeVvs/stqLgmX5IFa1t2/KAN/guLOfeK0rHYvqQGSQhBJkCGxxg==",
      "dev": true,
      "license": "MIT",
      "dependencies": {
        "@deepseek-ai/schemastery": "~3.18.4"
      },
      "peerDependencies": {
        "@deepseek-ai/cordis": "~4.0.4",
        "@deepseek-ai/dsh-subagent": "0.1.7-rc.2",
        "@deepseek-ai/dsh-subagent-in-process-driver": "0.1.7-rc.2"
      }
    },
    "node_modules/@deepseek-ai/dsh-system-prompt": {
      "version": "0.1.7-rc.2",
      "resolved": "https://registry.npmjs.org/@deepseek-ai/dsh-system-prompt/-/dsh-system-prompt-0.1.7-rc.2.tgz",
      "integrity": "sha512-vxKcADh7XOuWJOfa0WeEOhvFiUbMOdoK4w6M7KVCI0S99c9ktxrgY4wKdmAxap+nQjwTEPme3QuOlY3Na+cz9w==",
      "dev": true,
      "license": "MIT",
      "peer": true,
      "dependencies": {
        "@deepseek-ai/schemastery": "~3.18.4"
      },
      "peerDependencies": {
        "@deepseek-ai/cordis": "~4.0.4",
        "@deepseek-ai/dsh-invariants": "0.1.7-rc.2",
        "@deepseek-ai/dsh-llm": "0.1.7-rc.2",
        "@deepseek-ai/dsh-scope": "0.1.7-rc.2"
      }
    },
    "node_modules/@deepseek-ai/dsh-timeout": {
      "version": "0.1.7-rc.2",
      "resolved": "https://registry.npmjs.org/@deepseek-ai/dsh-timeout/-/dsh-timeout-0.1.7-rc.2.tgz",
      "integrity": "sha512-YunLoLZSF8Ld9eYwyvKoBnxgy3GZrIQpw98HfFS15ZfZlqcFiZcchFhYmStLtUbtX+gjhoeXc8Xz913YbVifNA==",
      "dev": true,
      "license": "MIT",
      "peerDependencies": {
        "@deepseek-ai/cordis": "~4.0.4"
      }
    },
    "node_modules/@deepseek-ai/dsh-tools": {
      "version": "0.1.7-rc.2",
      "resolved": "https://registry.npmjs.org/@deepseek-ai/dsh-tools/-/dsh-tools-0.1.7-rc.2.tgz",
      "integrity": "sha512-c3dTdKnslKxVTgjjPLwMKLqGUMwnZH5P8RUsucMQlWn2GViyFW/+5AIUuZHBjjE6Y7NAYl+lVVE/R4LgTp5KWA==",
      "dev": true,
      "license": "MIT",
      "dependencies": {
        "@deepseek-ai/dsh-brand": "0.1.7-rc.2",
        "@deepseek-ai/dsh-util-values": "0.1.7-rc.2",
        "@deepseek-ai/schemastery": "~3.18.4"
      },
      "peerDependencies": {
        "@deepseek-ai/cordis": "~4.0.4",
        "@deepseek-ai/dsh-agent": "0.1.7-rc.2",
        "@deepseek-ai/dsh-invariants": "0.1.7-rc.2",
        "@deepseek-ai/dsh-llm": "0.1.7-rc.2",
        "@deepseek-ai/dsh-ptc-runtime": "0.1.7-rc.2",
        "@deepseek-ai/dsh-sandbox": "0.1.7-rc.2",
        "@deepseek-ai/dsh-sandbox-policy": "0.1.7-rc.2",
        "@deepseek-ai/dsh-scope": "0.1.7-rc.2",
        "@deepseek-ai/dsh-session": "0.1.7-rc.2",
        "@deepseek-ai/dsh-system-prompt": "0.1.7-rc.2",
        "@deepseek-ai/dsh-user-approval": "0.1.7-rc.2"
      }
    },
    "node_modules/@deepseek-ai/dsh-typert-protocol": {
      "version": "0.1.7-rc.2",
      "resolved": "https://registry.npmjs.org/@deepseek-ai/dsh-typert-protocol/-/dsh-typert-protocol-0.1.7-rc.2.tgz",
      "integrity": "sha512-oJm03zqMQlvt16Ejw7VWy3/gqlJGrBCZj3Z4KL8ydLJeeTToKIR49WVCxMbJTlH0F9QFljruLtHguA5B99AeUQ==",
      "dev": true,
      "license": "MIT",
      "dependencies": {
        "@deepseek-ai/dsh-brand": "0.1.7-rc.2"
      },
      "peerDependencies": {
        "@deepseek-ai/cordis": "~4.0.4"
      }
    },
    "node_modules/@deepseek-ai/dsh-user-approval": {
      "version": "0.1.7-rc.2",
      "resolved": "https://registry.npmjs.org/@deepseek-ai/dsh-user-approval/-/dsh-user-approval-0.1.7-rc.2.tgz",
      "integrity": "sha512-RQ6GB+C4G6VY/eJrFfS89+89DfHFAJ5G1abhmutfKBhZcYSnGNZyPIzpr5mKbl2xNMIhvCJOb9WiFz2fUPW2HA==",
      "dev": true,
      "license": "MIT",
      "peer": true,
      "dependencies": {
        "@deepseek-ai/schemastery": "~3.18.4"
      },
      "peerDependencies": {
        "@deepseek-ai/cordis": "~4.0.4",
        "@deepseek-ai/dsh-agent": "0.1.7-rc.2",
        "@deepseek-ai/dsh-brand": "0.1.7-rc.2",
        "@deepseek-ai/dsh-invariants": "0.1.7-rc.2",
        "@deepseek-ai/dsh-llm": "0.1.7-rc.2",
        "@deepseek-ai/dsh-scope": "0.1.7-rc.2",
        "@deepseek-ai/dsh-session": "0.1.7-rc.2",
        "@deepseek-ai/dsh-system-prompt": "0.1.7-rc.2"
      }
    },
    "node_modules/@deepseek-ai/dsh-util-crypto": {
      "version": "0.1.7-rc.2",
      "resolved": "https://registry.npmjs.org/@deepseek-ai/dsh-util-crypto/-/dsh-util-crypto-0.1.7-rc.2.tgz",
      "integrity": "sha512-BGc55/bSj/1LcDTQ5fpok4U24X9SFyN+TB23/hBlbe2TBUKVuwO8+X5FFKKje2MLO8PWYEDkXv/LrV6jRVKZEg==",
      "dev": true,
      "license": "MIT",
      "peerDependencies": {
        "@deepseek-ai/cordis": "~4.0.4"
      }
    },
    "node_modules/@deepseek-ai/dsh-util-time": {
      "version": "0.1.7-rc.2",
      "resolved": "https://registry.npmjs.org/@deepseek-ai/dsh-util-time/-/dsh-util-time-0.1.7-rc.2.tgz",
      "integrity": "sha512-+bj6L7zdTybkmhEnIlv8ZR1pOm1S+I569CMCtIfbdIg88334hWxRyygCksvNC/VG3Lk3jeO0HzThkv3R7OIsxw==",
      "dev": true,
      "license": "MIT",
      "peer": true,
      "peerDependencies": {
        "@deepseek-ai/cordis": "~4.0.4"
      }
    },
    "node_modules/@deepseek-ai/dsh-util-values": {
      "version": "0.1.7-rc.2",
      "resolved": "https://registry.npmjs.org/@deepseek-ai/dsh-util-values/-/dsh-util-values-0.1.7-rc.2.tgz",
      "integrity": "sha512-UX8nh5SbtZcPVVEvjd+9PCPcbybA6OpVzJGgFxYn59ao/7QQGyYbByS8KXr+THU5JtqmDDVb9xGUSJaF2IYmeQ==",
      "dev": true,
      "license": "MIT",
      "peerDependencies": {
        "@deepseek-ai/cordis": "~4.0.4"
      }
    },
    "node_modules/@deepseek-ai/dsh-workspace": {
      "version": "0.1.7-rc.2",
      "resolved": "https://registry.npmjs.org/@deepseek-ai/dsh-workspace/-/dsh-workspace-0.1.7-rc.2.tgz",
      "integrity": "sha512-RgSIGkcJnAB6stdJ73yvRT1sXbYtcrYIz9PadVrxTHvcScffaLpXGp8NUNjQgCG0n28CfnCNPdj2qHCbG4yo1g==",
      "dev": true,
      "license": "MIT",
      "dependencies": {
        "@deepseek-ai/dsh-brand": "0.1.7-rc.2",
        "zod": "^4.4.3"
      },
      "peerDependencies": {
        "@deepseek-ai/cordis": "~4.0.4",
        "@deepseek-ai/dsh-invariants": "0.1.7-rc.2",
        "@deepseek-ai/dsh-session": "0.1.7-rc.2",
        "@deepseek-ai/dsh-session-persistence": "0.1.7-rc.2",
        "@deepseek-ai/dsh-storage": "0.1.7-rc.2",
        "@deepseek-ai/dsh-storage-domain": "0.1.7-rc.2",
        "@deepseek-ai/dsh-typert-protocol": "0.1.7-rc.2"
      }
    },
    "node_modules/@deepseek-ai/schemastery": {
      "version": "3.18.4",
      "resolved": "https://registry.npmjs.org/@deepseek-ai/schemastery/-/schemastery-3.18.4.tgz",
      "integrity": "sha512-SSXO6tYuyrIqKVbmOnIq0s+riUywYzouFMcnBluHF9n4KMo2G8HvEzhCYj6pj2617/glOjbJuVInJ9hfONsjkg==",
      "dev": true,
      "license": "MIT",
      "dependencies": {
        "@deepseek-ai/cosmokit": "~1.8.5",
        "@standard-schema/spec": "^1.1.0"
      }
    },
    "node_modules/@eslint-community/regexpp": {
      "version": "4.12.2",
      "resolved": "https://registry.npmjs.org/@eslint-community/regexpp/-/regexpp-4.12.2.tgz",
      "integrity": "sha512-EriSTlt5OC9/7SXkRSCAhfSxxoSUgBm33OH+IkwbdpgoqsSsUg7y3uh+IICI/Qg4BBWr3U2i39RpmycbxMq4ew==",
      "dev": true,
      "license": "MIT",
      "engines": {
        "node": "^12.0.0 || ^14.0.0 || >=16.0.0"
      }
    },
    "node_modules/@standard-schema/spec": {
      "version": "1.1.0",
      "resolved": "https://registry.npmjs.org/@standard-schema/spec/-/spec-1.1.0.tgz",
      "integrity": "sha512-l2aFy5jALhniG5HgqrD6jXLi/rUWrKvqN/qJx6yoJsgKhblVd+iqqU4RCXavm/jPityDo5TCvKMnpjKnOriy0w==",
      "dev": true,
      "license": "MIT"
    },
    "node_modules/@types/js-yaml": {
      "version": "4.0.9",
      "resolved": "https://registry.npmjs.org/@types/js-yaml/-/js-yaml-4.0.9.tgz",
      "integrity": "sha512-k4MGaQl5TGo/iipqb2UDG2UwjXziSWkh0uysQelTlJpX1qGlpUZYm8PnO4DxG1qBomtJUdYJ6qR6xdIah10JLg==",
      "dev": true,
      "license": "MIT"
    },
    "node_modules/@types/node": {
      "version": "24.19.0",
      "resolved": "https://registry.npmjs.org/@types/node/-/node-24.19.0.tgz",
      "integrity": "sha512-zY+5tKxXdhGh1PYI0ac+7juvEu4OI6vWtVVoj5i2m42jxAY1U+zHGt6QCyOFwykdP62sM3MJ9stoYYUw5aCWew==",
      "dev": true,
      "license": "MIT",
      "dependencies": {
        "undici-types": ">=7.24.0 <7.24.7"
      }
    },
    "node_modules/ajv": {
      "version": "8.20.0",
      "resolved": "https://registry.npmjs.org/ajv/-/ajv-8.20.0.tgz",
      "integrity": "sha512-Thbli+OlOj+iMPYFBVBfJ3OmCAnaSyNn4M1vz9T6Gka5Jt9ba/HIR56joy65tY6kx/FCF5VXNB819Y7/GUrBGA==",
      "dev": true,
      "license": "MIT",
      "dependencies": {
        "fast-deep-equal": "^3.1.3",
        "fast-uri": "^3.0.1",
        "json-schema-traverse": "^1.0.0",
        "require-from-string": "^2.0.2"
      },
      "funding": {
        "type": "github",
        "url": "https://github.com/sponsors/epoberezkin"
      }
    },
    "node_modules/argparse": {
      "version": "2.0.1",
      "resolved": "https://registry.npmjs.org/argparse/-/argparse-2.0.1.tgz",
      "integrity": "sha512-8+9WqebbFzpX9OR+Wa6O29asIogeRMzcGtAINdpMHHyAg10f05aSFVBbcEqGf/PXw1EjAZ+q2/bEBg3DvurK3Q==",
      "license": "Python-2.0"
    },
    "node_modules/fast-deep-equal": {
      "version": "3.1.3",
      "resolved": "https://registry.npmjs.org/fast-deep-equal/-/fast-deep-equal-3.1.3.tgz",
      "integrity": "sha512-f3qQ9oQy9j2AhBe/H9VC91wLmKBCCU/gDOnKNAYG5hswO7BLKj09Hc5HYNz9cGI++xlpDCIgDaitVs03ATR84Q==",
      "dev": true,
      "license": "MIT"
    },
    "node_modules/fast-uri": {
      "version": "3.1.8",
      "resolved": "https://registry.npmjs.org/fast-uri/-/fast-uri-3.1.8.tgz",
      "integrity": "sha512-GZMtZUTNRpOVIECoXwLNZS5xUGE+mVNbTB8h/7Rwh2TFWcBQiPzTgyZi05BF9UMZKkLJv8XBRJTlU7zg8+ZfMg==",
      "dev": true,
      "funding": [
        {
          "type": "github",
          "url": "https://github.com/sponsors/fastify"
        },
        {
          "type": "opencollective",
          "url": "https://opencollective.com/fastify"
        }
      ],
      "license": "BSD-3-Clause"
    },
    "node_modules/fflate": {
      "version": "0.8.3",
      "resolved": "https://registry.npmjs.org/fflate/-/fflate-0.8.3.tgz",
      "integrity": "sha512-tbZNuJrLwGUp3zshBtdy4W+ORxZuIh8a5ilyIEQDC5rY1f3U20JMry0Ll3WBzU58EZKsEuJFXhb5gwv8CsPvgA==",
      "license": "MIT"
    },
    "node_modules/js-tokens": {
      "version": "4.0.0",
      "resolved": "https://registry.npmjs.org/js-tokens/-/js-tokens-4.0.0.tgz",
      "integrity": "sha512-RdJUflcE3cUzKiMqQgsCu06FPu9UdIJO0beYbPhHN4k6apgJtifcoCtT9bcxOpYBtpD2kCM6Sbzg4CausW/PKQ==",
      "license": "MIT",
      "peer": true
    },
    "node_modules/js-yaml": {
      "version": "4.3.2",
      "resolved": "https://registry.npmjs.org/js-yaml/-/js-yaml-4.3.2.tgz",
      "integrity": "sha512-SFNOvSJ+Dgf/9An904Yx+CgSlIPCkIpao4qo51lpee25TIRejdH3rhR4EZMGoNx3/TP3O+wzWuiTFl4sqbltzA==",
      "funding": [
        {
          "type": "github",
          "url": "https://github.com/sponsors/puzrin"
        },
        {
          "type": "github",
          "url": "https://github.com/sponsors/nodeca"
        }
      ],
      "license": "MIT",
      "dependencies": {
        "argparse": "^2.0.1"
      },
      "bin": {
        "js-yaml": "bin/js-yaml.js"
      }
    },
    "node_modules/json-schema-traverse": {
      "version": "1.0.0",
      "resolved": "https://registry.npmjs.org/json-schema-traverse/-/json-schema-traverse-1.0.0.tgz",
      "integrity": "sha512-NM8/P9n3XjXhIZn1lLhkFaACTOURQXjWhV4BA/RnOv8xvgqtqpAX9IO4mRQxSx1Rlo4tqzeqb0sOlruaOy3dug==",
      "dev": true,
      "license": "MIT"
    },
    "node_modules/loose-envify": {
      "version": "1.4.0",
      "resolved": "https://registry.npmjs.org/loose-envify/-/loose-envify-1.4.0.tgz",
      "integrity": "sha512-lyuxPGr/Wfhrlem2CL/UcnUc1zcqKAImBDzukY7Y5F/yQiNdko6+fRLevlw1HgMySw7f611UIY408EtxRSoK3Q==",
      "license": "MIT",
      "peer": true,
      "dependencies": {
        "js-tokens": "^3.0.0 || ^4.0.0"
      },
      "bin": {
        "loose-envify": "cli.js"
      }
    },
    "node_modules/node-addon-native-custom-loader": {
      "version": "0.1.6",
      "resolved": "https://registry.npmjs.org/node-addon-native-custom-loader/-/node-addon-native-custom-loader-0.1.6.tgz",
      "integrity": "sha512-QaW7d8lTcGCXrpNVyFDtID3vrpa7vFdpcY9pql2/9FGFSe7tcSnhQOKZX+1aOWq+pB1d2ZwNnKAdQI5nD9wAXA==",
      "dev": true,
      "license": "MIT",
      "engines": {
        "node": ">=20"
      }
    },
    "node_modules/node-addon-require-builtin": {
      "version": "0.1.6",
      "resolved": "https://registry.npmjs.org/node-addon-require-builtin/-/node-addon-require-builtin-0.1.6.tgz",
      "integrity": "sha512-P9ZGMDkloktirLJSggfpxsJ9jog5FItE1Omxpj50UBn3LhD6TS6/yx0jEBXsCGK3P9EtW1EpQVA1QL5gb11GaQ==",
      "dev": true,
      "license": "MIT",
      "dependencies": {
        "node-addon-native-custom-loader": "0.1.6"
      },
      "engines": {
        "node": ">=20"
      },
      "optionalDependencies": {
        "node-addon-require-builtin-darwin-arm64": "0.1.6",
        "node-addon-require-builtin-darwin-x64": "0.1.6",
        "node-addon-require-builtin-linux-arm64-gnu": "0.1.6",
        "node-addon-require-builtin-linux-x64-gnu": "0.1.6",
        "node-addon-require-builtin-win32-arm64-msvc": "0.1.6",
        "node-addon-require-builtin-win32-ia32-msvc": "0.1.6",
        "node-addon-require-builtin-win32-x64-msvc": "0.1.6"
      }
    },
    "node_modules/node-addon-require-builtin-darwin-arm64": {
      "version": "0.1.6",
      "resolved": "https://registry.npmjs.org/node-addon-require-builtin-darwin-arm64/-/node-addon-require-builtin-darwin-arm64-0.1.6.tgz",
      "integrity": "sha512-KpaAh0mDcIScoJs7gD/mjXREcENJ023/DgWW3GrlLXFVzCE6bK6wFrTFpNfnkxZZP8yWsEWOg1o5T+uQ7olgTQ==",
      "cpu": [
        "arm64"
      ],
      "dev": true,
      "license": "MIT",
      "optional": true,
      "os": [
        "darwin"
      ],
      "dependencies": {
        "node-addon-native-custom-loader": "0.1.6"
      },
      "engines": {
        "node": ">=20"
      }
    },
    "node_modules/node-addon-require-builtin-darwin-x64": {
      "version": "0.1.6",
      "resolved": "https://registry.npmjs.org/node-addon-require-builtin-darwin-x64/-/node-addon-require-builtin-darwin-x64-0.1.6.tgz",
      "integrity": "sha512-lh9o5rCvmkH8MZgBBmhyKzJRc1M1hJzgXLTFzB6iomRXNH9P1DKjN2nAJLmvGrdTij47Wcch1JVnlV5AG0cRCQ==",
      "cpu": [
        "x64"
      ],
      "dev": true,
      "license": "MIT",
      "optional": true,
      "os": [
        "darwin"
      ],
      "dependencies": {
        "node-addon-native-custom-loader": "0.1.6"
      },
      "engines": {
        "node": ">=20"
      }
    },
    "node_modules/node-addon-require-builtin-linux-arm64-gnu": {
      "version": "0.1.6",
      "resolved": "https://registry.npmjs.org/node-addon-require-builtin-linux-arm64-gnu/-/node-addon-require-builtin-linux-arm64-gnu-0.1.6.tgz",
      "integrity": "sha512-DrQA3aS1LBn4NgrewbZkzSAWdSSRPD/fYO5AkQfvriQ/TQD3E2adB012sZ5eac6p9TAcTjUIYhk395AYVxo4Zw==",
      "cpu": [
        "arm64"
      ],
      "dev": true,
      "libc": [
        "glibc"
      ],
      "license": "MIT",
      "optional": true,
      "os": [
        "linux"
      ],
      "dependencies": {
        "node-addon-native-custom-loader": "0.1.6"
      },
      "engines": {
        "node": ">=20"
      }
    },
    "node_modules/node-addon-require-builtin-linux-x64-gnu": {
      "version": "0.1.6",
      "resolved": "https://registry.npmjs.org/node-addon-require-builtin-linux-x64-gnu/-/node-addon-require-builtin-linux-x64-gnu-0.1.6.tgz",
      "integrity": "sha512-8wCxrFlB2Ld5DhxIm2P+nNFnQ0wjzDE5sXF68EUhLH0X+z313B07TUQFMBKCOkyhZIIBh590dBmhHCuA43No2A==",
      "cpu": [
        "x64"
      ],
      "dev": true,
      "libc": [
        "glibc"
      ],
      "license": "MIT",
      "optional": true,
      "os": [
        "linux"
      ],
      "dependencies": {
        "node-addon-native-custom-loader": "0.1.6"
      },
      "engines": {
        "node": ">=20"
      }
    },
    "node_modules/node-addon-require-builtin-win32-arm64-msvc": {
      "version": "0.1.6",
      "resolved": "https://registry.npmjs.org/node-addon-require-builtin-win32-arm64-msvc/-/node-addon-require-builtin-win32-arm64-msvc-0.1.6.tgz",
      "integrity": "sha512-NET6DiLnKrK2DHuO4NNN+zJz0CFas+RwpJlGY0d3A3A3tc5dJQqZXgw8DzLOn4cSTAQCaDq6+LbPyYX7jE2F3Q==",
      "cpu": [
        "arm64"
      ],
      "dev": true,
      "license": "MIT",
      "optional": true,
      "os": [
        "win32"
      ],
      "dependencies": {
        "node-addon-native-custom-loader": "0.1.6"
      },
      "engines": {
        "node": ">=20"
      }
    },
    "node_modules/node-addon-require-builtin-win32-ia32-msvc": {
      "version": "0.1.6",
      "resolved": "https://registry.npmjs.org/node-addon-require-builtin-win32-ia32-msvc/-/node-addon-require-builtin-win32-ia32-msvc-0.1.6.tgz",
      "integrity": "sha512-oj4G51r81kJ3E2t5KknKhBNb8TmTWzc/t9x7jkBF9JeRd+1a0kr99mVJVYwJNxq9d3jpt7dgBdI8mxaomuXOEQ==",
      "cpu": [
        "ia32"
      ],
      "dev": true,
      "license": "MIT",
      "optional": true,
      "os": [
        "win32"
      ],
      "dependencies": {
        "node-addon-native-custom-loader": "0.1.6"
      },
      "engines": {
        "node": ">=20 <23"
      }
    },
    "node_modules/node-addon-require-builtin-win32-x64-msvc": {
      "version": "0.1.6",
      "resolved": "https://registry.npmjs.org/node-addon-require-builtin-win32-x64-msvc/-/node-addon-require-builtin-win32-x64-msvc-0.1.6.tgz",
      "integrity": "sha512-ZQ+6thVzQBOFamW7s3t2YqHsw99EEPBNH1uAjvCx4QfnjFJTsu6I/H3prpN8i6cSt6gjnQtArfWc2LXN2ufcJQ==",
      "cpu": [
        "x64"
      ],
      "dev": true,
      "license": "MIT",
      "optional": true,
      "os": [
        "win32"
      ],
      "dependencies": {
        "node-addon-native-custom-loader": "0.1.6"
      },
      "engines": {
        "node": ">=20"
      }
    },
    "node_modules/react": {
      "version": "18.3.1",
      "resolved": "https://registry.npmjs.org/react/-/react-18.3.1.tgz",
      "integrity": "sha512-wS+hAgJShR0KhEvPJArfuPVN1+Hz1t0Y6n5jLrGQbkb4urgPE/0Rve+1kMB1v/oWgHgm4WIcV+i7F2pTVj+2iQ==",
      "license": "MIT",
      "peer": true,
      "dependencies": {
        "loose-envify": "^1.1.0"
      },
      "engines": {
        "node": ">=0.10.0"
      }
    },
    "node_modules/require-from-string": {
      "version": "2.0.2",
      "resolved": "https://registry.npmjs.org/require-from-string/-/require-from-string-2.0.2.tgz",
      "integrity": "sha512-Xf0nWe6RseziFMu+Ap9biiUbmplq6S9/p+7w7YXP/JBHhrUDDUhwa+vANyubuqfZWTveU//DYVGsDG7RKL/vEw==",
      "dev": true,
      "license": "MIT",
      "engines": {
        "node": ">=0.10.0"
      }
    },
    "node_modules/resolve.exports": {
      "version": "2.0.3",
      "resolved": "https://registry.npmjs.org/resolve.exports/-/resolve.exports-2.0.3.tgz",
      "integrity": "sha512-OcXjMsGdhL4XnbShKpAcSqPMzQoYkYyhbEaeSko47MjRP9NfEQMhZkXL1DoFlt9LWQn4YttrdnV6X2OiyzBi+A==",
      "dev": true,
      "license": "MIT",
      "engines": {
        "node": ">=10"
      }
    },
    "node_modules/semver": {
      "version": "7.8.5",
      "resolved": "https://registry.npmjs.org/semver/-/semver-7.8.5.tgz",
      "integrity": "sha512-Y7/KDsb8LjooZpwaqGyulO6DQlksgCncchHGk+sZIY4SBvUocMBEFH5Ur1fI4dV+Jvl0w6cjvucaIi40puRioA==",
      "dev": true,
      "license": "ISC",
      "bin": {
        "semver": "bin/semver.js"
      },
      "engines": {
        "node": ">=10"
      }
    },
    "node_modules/typescript": {
      "version": "6.0.3",
      "resolved": "https://registry.npmjs.org/typescript/-/typescript-6.0.3.tgz",
      "integrity": "sha512-y2TvuxSZPDyQakkFRPZHKFm+KKVqIisdg9/CZwm9ftvKXLP8NRWj38/ODjNbr43SsoXqNuAisEf1GdCxqWcdBw==",
      "dev": true,
      "license": "Apache-2.0",
      "bin": {
        "tsc": "bin/tsc",
        "tsserver": "bin/tsserver"
      },
      "engines": {
        "node": ">=14.17"
      }
    },
    "node_modules/undici-types": {
      "version": "7.24.6",
      "resolved": "https://registry.npmjs.org/undici-types/-/undici-types-7.24.6.tgz",
      "integrity": "sha512-WRNW+sJgj5OBN4/0JpHFqtqzhpbnV0GuB+OozA9gCL7a993SmU+1JBZCzLNxYsbMfIeDL+lTsphD5jN5N+n0zg==",
      "dev": true,
      "license": "MIT"
    },
    "node_modules/yaml": {
      "version": "2.9.1",
      "resolved": "https://registry.npmjs.org/yaml/-/yaml-2.9.1.tgz",
      "integrity": "sha512-3NxN8+78OdzbT7C/WjGsyfPAtJaN3FNDsWxv7Y7mcDsT/oOmgW8BpyQQFFBnvZE3j9Y2Sdz1ULFLezL7Eb2yFw==",
      "dev": true,
      "license": "ISC",
      "bin": {
        "yaml": "bin.mjs"
      },
      "engines": {
        "node": ">= 14.6"
      },
      "funding": {
        "url": "https://github.com/sponsors/eemeli"
      }
    },
    "node_modules/zod": {
      "version": "4.6.5",
      "resolved": "https://registry.npmjs.org/zod/-/zod-4.6.5.tgz",
      "integrity": "sha512-v5l/aFXZQeai4awLbOpSoHecE9UiMrnfx75tEXLjNonXVARxQ5mOeipTjROUchszUNCqnE+hqAMujRsRHsut2Q==",
      "dev": true,
      "license": "MIT",
      "funding": {
        "url": "https://github.com/sponsors/colinhacks"
      }
    }
  }
}
